
Microsoft Visual Studio Solution File, Format Version 12.00
# Visual Studio Version 16
VisualStudioVersion = 16.0.30907.101
MinimumVisualStudioVersion = 10.0.40219.1
Project("{FAE04EC0-301F-11D3-BF4B-00C04F79EFBC}") = "Taskbar_Hider", "Taskbar_Hider\Taskbar_Hider.csproj", "{4FEF7D38-7184-471A-9344-1A80D087A348}"
EndProject
Global
	GlobalSection(SolutionConfigurationPlatforms) = preSolution
		Debug|Any CPU = Debug|Any CPU
		Release|Any CPU = Release|Any CPU
	EndGlobalSection
	GlobalSection(ProjectConfigurationPlatforms) = postSolution
		{4FEF7D38-7184-471A-9344-1A80D087A348}.Debug|Any CPU.ActiveCfg = Debug|Any CPU
		{4FEF7D38-7184-471A-9344-1A80D087A348}.Debug|Any CPU.Build.0 = Debug|Any CPU
		{4FEF7D38-7184-471A-9344-1A80D087A348}.Release|Any CPU.ActiveCfg = Release|Any CPU
		{4FEF7D38-7184-471A-9344-1A80D087A348}.Release|Any CPU.Build.0 = Release|Any CPU
	EndGlobalSection
	GlobalSection(SolutionProperties) = preSolution
		HideSolutionNode = FALSE
	EndGlobalSection
	GlobalSection(ExtensibilityGlobals) = postSolution
		SolutionGuid = {A972F505-9DEA-4AA6-9CCC-28849D073A33}
	EndGlobalSection
EndGlobal
