
Microsoft Visual Studio Solution File, Format Version 12.00
# Visual Studio Version 17
VisualStudioVersion = 17.0.31903.59
MinimumVisualStudioVersion = 10.0.40219.1
Project("{FAE04EC0-301F-11D3-BF4B-00C04F79EFBC}") = "Taskbar-Hider", "Taskbar-Hider\Taskbar-Hider.csproj", "{1653CCE3-5BE9-4D7B-9BC1-F77B4F19D44E}"
EndProject
Global
	GlobalSection(SolutionConfigurationPlatforms) = preSolution
		Debug|Any CPU = Debug|Any CPU
		Release|Any CPU = Release|Any CPU
	EndGlobalSection
	GlobalSection(ProjectConfigurationPlatforms) = postSolution
		{1653CCE3-5BE9-4D7B-9BC1-F77B4F19D44E}.Debug|Any CPU.ActiveCfg = Debug|Any CPU
		{1653CCE3-5BE9-4D7B-9BC1-F77B4F19D44E}.Debug|Any CPU.Build.0 = Debug|Any CPU
		{1653CCE3-5BE9-4D7B-9BC1-F77B4F19D44E}.Release|Any CPU.ActiveCfg = Release|Any CPU
		{1653CCE3-5BE9-4D7B-9BC1-F77B4F19D44E}.Release|Any CPU.Build.0 = Release|Any CPU
	EndGlobalSection
	GlobalSection(SolutionProperties) = preSolution
		HideSolutionNode = FALSE
	EndGlobalSection
	GlobalSection(ExtensibilityGlobals) = postSolution
		SolutionGuid = {D7828D77-6707-4AD7-8998-0B4FF07DF5DF}
	EndGlobalSection
EndGlobal
