
Microsoft Visual Studio Solution File, Format Version 12.00
# Visual Studio Version 17
VisualStudioVersion = 17.0.31903.59
MinimumVisualStudioVersion = 10.0.40219.1
Project("{9A19103F-16F7-4668-BE54-9A1E7A4F7556}") = "Taskbar-Hider", "Taskbar-Hider\Taskbar-Hider.csproj", "{666B00B2-68F2-4D7C-9FD9-044F04CC5FF4}"
EndProject
Global
	GlobalSection(SolutionConfigurationPlatforms) = preSolution
		Debug|Any CPU = Debug|Any CPU
		Release|Any CPU = Release|Any CPU
	EndGlobalSection
	GlobalSection(ProjectConfigurationPlatforms) = postSolution
		{666B00B2-68F2-4D7C-9FD9-044F04CC5FF4}.Debug|Any CPU.ActiveCfg = Debug|Any CPU
		{666B00B2-68F2-4D7C-9FD9-044F04CC5FF4}.Debug|Any CPU.Build.0 = Debug|Any CPU
		{666B00B2-68F2-4D7C-9FD9-044F04CC5FF4}.Release|Any CPU.ActiveCfg = Release|Any CPU
		{666B00B2-68F2-4D7C-9FD9-044F04CC5FF4}.Release|Any CPU.Build.0 = Release|Any CPU
	EndGlobalSection
	GlobalSection(SolutionProperties) = preSolution
		HideSolutionNode = FALSE
	EndGlobalSection
	GlobalSection(ExtensibilityGlobals) = postSolution
		SolutionGuid = {D7828D77-6707-4AD7-8998-0B4FF07DF5DF}
	EndGlobalSection
EndGlobal
